
Microsoft Visual Studio Solution File, Format Version 12.00
# Visual Studio 15
VisualStudioVersion = 15.0.28010.2036
MinimumVisualStudioVersion = 10.0.40219.1
Project("{FAE04EC0-301F-11D3-BF4B-00C04F79EFBC}") = "CachedDomainState.Domain.Entities", "CachedDomainState.Domain.Entities\CachedDomainState.Domain.Entities.csproj", "{6CA09764-C8D4-43C9-B53D-ED00695D85B2}"
EndProject
Project("{FAE04EC0-301F-11D3-BF4B-00C04F79EFBC}") = "CachedDomainState.Console", "CachedDomainState.Console\CachedDomainState.Console.csproj", "{41FA93AD-C125-42AD-96FB-9D4B7A7E0A4F}"
EndProject
Project("{FAE04EC0-301F-11D3-BF4B-00C04F79EFBC}") = "CachedDomainState.Domain", "CachedDomainState.Domain\CachedDomainState.Domain.csproj", "{B147E41C-2F28-4EE9-9ADA-24388E6806B6}"
EndProject
Project("{FAE04EC0-301F-11D3-BF4B-00C04F79EFBC}") = "CachedDomainState.Common", "CachedDomainState.Common\CachedDomainState.Common.csproj", "{2D244F46-0691-47CA-9DF3-6657793E6198}"
EndProject
Project("{FAE04EC0-301F-11D3-BF4B-00C04F79EFBC}") = "CachedDomainState.Domain.Core", "CachedDomainState.Domain.Core\CachedDomainState.Domain.Core.csproj", "{83DF35CD-1368-47E0-8663-40BC32853726}"
EndProject
Global
	GlobalSection(SolutionConfigurationPlatforms) = preSolution
		Debug|Any CPU = Debug|Any CPU
		Release|Any CPU = Release|Any CPU
	EndGlobalSection
	GlobalSection(ProjectConfigurationPlatforms) = postSolution
		{6CA09764-C8D4-43C9-B53D-ED00695D85B2}.Debug|Any CPU.ActiveCfg = Debug|Any CPU
		{6CA09764-C8D4-43C9-B53D-ED00695D85B2}.Debug|Any CPU.Build.0 = Debug|Any CPU
		{6CA09764-C8D4-43C9-B53D-ED00695D85B2}.Release|Any CPU.ActiveCfg = Release|Any CPU
		{6CA09764-C8D4-43C9-B53D-ED00695D85B2}.Release|Any CPU.Build.0 = Release|Any CPU
		{41FA93AD-C125-42AD-96FB-9D4B7A7E0A4F}.Debug|Any CPU.ActiveCfg = Debug|Any CPU
		{41FA93AD-C125-42AD-96FB-9D4B7A7E0A4F}.Debug|Any CPU.Build.0 = Debug|Any CPU
		{41FA93AD-C125-42AD-96FB-9D4B7A7E0A4F}.Release|Any CPU.ActiveCfg = Release|Any CPU
		{41FA93AD-C125-42AD-96FB-9D4B7A7E0A4F}.Release|Any CPU.Build.0 = Release|Any CPU
		{B147E41C-2F28-4EE9-9ADA-24388E6806B6}.Debug|Any CPU.ActiveCfg = Debug|Any CPU
		{B147E41C-2F28-4EE9-9ADA-24388E6806B6}.Debug|Any CPU.Build.0 = Debug|Any CPU
		{B147E41C-2F28-4EE9-9ADA-24388E6806B6}.Release|Any CPU.ActiveCfg = Release|Any CPU
		{B147E41C-2F28-4EE9-9ADA-24388E6806B6}.Release|Any CPU.Build.0 = Release|Any CPU
		{2D244F46-0691-47CA-9DF3-6657793E6198}.Debug|Any CPU.ActiveCfg = Debug|Any CPU
		{2D244F46-0691-47CA-9DF3-6657793E6198}.Debug|Any CPU.Build.0 = Debug|Any CPU
		{2D244F46-0691-47CA-9DF3-6657793E6198}.Release|Any CPU.ActiveCfg = Release|Any CPU
		{2D244F46-0691-47CA-9DF3-6657793E6198}.Release|Any CPU.Build.0 = Release|Any CPU
		{83DF35CD-1368-47E0-8663-40BC32853726}.Debug|Any CPU.ActiveCfg = Debug|Any CPU
		{83DF35CD-1368-47E0-8663-40BC32853726}.Debug|Any CPU.Build.0 = Debug|Any CPU
		{83DF35CD-1368-47E0-8663-40BC32853726}.Release|Any CPU.ActiveCfg = Release|Any CPU
		{83DF35CD-1368-47E0-8663-40BC32853726}.Release|Any CPU.Build.0 = Release|Any CPU
	EndGlobalSection
	GlobalSection(SolutionProperties) = preSolution
		HideSolutionNode = FALSE
	EndGlobalSection
	GlobalSection(ExtensibilityGlobals) = postSolution
		SolutionGuid = {84ED008E-D903-47EC-ADCC-EC0011E634FC}
	EndGlobalSection
EndGlobal
